
Microsoft Visual Studio Solution File, Format Version 12.00
# Visual Studio 15
VisualStudioVersion = 15.0.27004.2002
MinimumVisualStudioVersion = 10.0.40219.1
Project("{FAE04EC0-301F-11D3-BF4B-00C04F79EFBC}") = "Mass, Density and Volume", "Mass, Density and Volume\Mass, Density and Volume.csproj", "{B7CFD5F5-30E4-46B5-83F3-BD561C7E4FCC}"
EndProject
Global
	GlobalSection(SolutionConfigurationPlatforms) = preSolution
		Debug|Any CPU = Debug|Any CPU
		Release|Any CPU = Release|Any CPU
	EndGlobalSection
	GlobalSection(ProjectConfigurationPlatforms) = postSolution
		{B7CFD5F5-30E4-46B5-83F3-BD561C7E4FCC}.Debug|Any CPU.ActiveCfg = Debug|Any CPU
		{B7CFD5F5-30E4-46B5-83F3-BD561C7E4FCC}.Debug|Any CPU.Build.0 = Debug|Any CPU
		{B7CFD5F5-30E4-46B5-83F3-BD561C7E4FCC}.Release|Any CPU.ActiveCfg = Release|Any CPU
		{B7CFD5F5-30E4-46B5-83F3-BD561C7E4FCC}.Release|Any CPU.Build.0 = Release|Any CPU
	EndGlobalSection
	GlobalSection(SolutionProperties) = preSolution
		HideSolutionNode = FALSE
	EndGlobalSection
	GlobalSection(ExtensibilityGlobals) = postSolution
		SolutionGuid = {D4293DC3-9B69-469E-84FF-69DE36FBA43F}
	EndGlobalSection
EndGlobal
